holder: interactive              # interactive | fired
window: "payroll-close-260907-k7q2"   # minted by lib/mint.py - doubles as commit identity (ICM_WINDOW)
status: open                     # open | closing  (closing = the agent is signing off; not stale, never take over)
task: "one line: what this session is doing in this folder"
stream: "workflow-or-stream-id"
branch: "feat/payroll-close"     # or "main", or the worktree path
started: "2026-09-07T14:05"      # minted; freshness = 24h from here
